
Microsoft Visual Studio Solution File, Format Version 12.00
# Visual Studio Version 17
VisualStudioVersion = 17.14.36518.9 d17.14
MinimumVisualStudioVersion = 10.0.40219.1
Project("{FAE04EC0-301F-11D3-BF4B-00C04F79EFBC}") = "AppExemploISP", "AppExemploISP\AppExemploISP.csproj", "{055E315B-73BA-4143-8FB1-36475CE6A4EB}"
EndProject
Global
	GlobalSection(SolutionConfigurationPlatforms) = preSolution
		Debug|Any CPU = Debug|Any CPU
		Release|Any CPU = Release|Any CPU
	EndGlobalSection
	GlobalSection(ProjectConfigurationPlatforms) = postSolution
		{055E315B-73BA-4143-8FB1-36475CE6A4EB}.Debug|Any CPU.ActiveCfg = Debug|Any CPU
		{055E315B-73BA-4143-8FB1-36475CE6A4EB}.Debug|Any CPU.Build.0 = Debug|Any CPU
		{055E315B-73BA-4143-8FB1-36475CE6A4EB}.Release|Any CPU.ActiveCfg = Release|Any CPU
		{055E315B-73BA-4143-8FB1-36475CE6A4EB}.Release|Any CPU.Build.0 = Release|Any CPU
	EndGlobalSection
	GlobalSection(SolutionProperties) = preSolution
		HideSolutionNode = FALSE
	EndGlobalSection
	GlobalSection(ExtensibilityGlobals) = postSolution
		SolutionGuid = {55724FAC-CF32-4FB1-8779-D7F1C681D3C4}
	EndGlobalSection
EndGlobal
