
Microsoft Visual Studio Solution File, Format Version 12.00
# Visual Studio Version 17
VisualStudioVersion = 17.14.36518.9 d17.14
MinimumVisualStudioVersion = 10.0.40219.1
Project("{FAE04EC0-301F-11D3-BF4B-00C04F79EFBC}") = "AppExemploDIP", "AppExemploDIP\AppExemploDIP.csproj", "{5B87BA9D-3A2A-4BB8-B33F-49753AC564D4}"
EndProject
Global
	GlobalSection(SolutionConfigurationPlatforms) = preSolution
		Debug|Any CPU = Debug|Any CPU
		Release|Any CPU = Release|Any CPU
	EndGlobalSection
	GlobalSection(ProjectConfigurationPlatforms) = postSolution
		{5B87BA9D-3A2A-4BB8-B33F-49753AC564D4}.Debug|Any CPU.ActiveCfg = Debug|Any CPU
		{5B87BA9D-3A2A-4BB8-B33F-49753AC564D4}.Debug|Any CPU.Build.0 = Debug|Any CPU
		{5B87BA9D-3A2A-4BB8-B33F-49753AC564D4}.Release|Any CPU.ActiveCfg = Release|Any CPU
		{5B87BA9D-3A2A-4BB8-B33F-49753AC564D4}.Release|Any CPU.Build.0 = Release|Any CPU
	EndGlobalSection
	GlobalSection(SolutionProperties) = preSolution
		HideSolutionNode = FALSE
	EndGlobalSection
	GlobalSection(ExtensibilityGlobals) = postSolution
		SolutionGuid = {7D8BD37A-0E56-4016-9483-149F5AED314E}
	EndGlobalSection
EndGlobal
